
Microsoft Visual Studio Solution File, Format Version 12.00
# Visual Studio 15
VisualStudioVersion = 15.0.26730.16
MinimumVisualStudioVersion = 10.0.40219.1
Project("{2150E333-8FDC-42A3-9474-1A3956D46DE8}") = "src", "src", "{4A88F90B-58E6-4E18-B303-C8BA804F57B6}"
EndProject
Project("{2150E333-8FDC-42A3-9474-1A3956D46DE8}") = "1-Presentation", "1-Presentation", "{01A03665-752F-4354-B0F5-A29D544C293B}"
EndProject
Project("{2150E333-8FDC-42A3-9474-1A3956D46DE8}") = "2-Application", "2-Application", "{8FC891FD-9BA4-4D94-B03C-9E3EFDAAF8C9}"
EndProject
Project("{2150E333-8FDC-42A3-9474-1A3956D46DE8}") = "3-Domain", "3-Domain", "{9649A275-B0D7-44A6-B8E9-4776A2349A2E}"
EndProject
Project("{2150E333-8FDC-42A3-9474-1A3956D46DE8}") = "4-Infra", "4-Infra", "{85DA67DD-CB23-43A1-92B0-3F7F4B80C7CD}"
EndProject
Project("{2150E333-8FDC-42A3-9474-1A3956D46DE8}") = "4.1-Data", "4.1-Data", "{EB014511-2710-4E50-A43D-3CC0EF7611B9}"
EndProject
Project("{2150E333-8FDC-42A3-9474-1A3956D46DE8}") = "4.2-CrossCutting", "4.2-CrossCutting", "{DC0DA18C-4594-4004-AA80-B33541629F1D}"
EndProject
Project("{FAE04EC0-301F-11D3-BF4B-00C04F79EFBC}") = "ProductBuilder.AspNet", "src\ProductBuilder.AspNet\ProductBuilder.AspNet\ProductBuilder.AspNet.csproj", "{80469FED-529D-4E20-ABAE-BCB2FF509AAF}"
EndProject
Project("{FAE04EC0-301F-11D3-BF4B-00C04F79EFBC}") = "ProductBuilder.Application", "src\ProductBuilder.Application\ProductBuilder.Application.csproj", "{E70F3792-B4BF-4F8A-9558-378ADFA7FF5D}"
EndProject
Project("{FAE04EC0-301F-11D3-BF4B-00C04F79EFBC}") = "ProductBuilder.Domain", "src\ProductBuilder.Domain\ProductBuilder.Domain.csproj", "{61509FAF-2777-4459-AD99-87C3AE7D4CC7}"
EndProject
Project("{FAE04EC0-301F-11D3-BF4B-00C04F79EFBC}") = "ProductBuilder.Infra.Data", "src\ProductBuilder.Infra.Data\ProductBuilder.Infra.Data.csproj", "{C8F0F0C4-8E21-4FE6-BFBF-93DB965BA3A9}"
EndProject
Project("{FAE04EC0-301F-11D3-BF4B-00C04F79EFBC}") = "ProductBuilder.CrossCutting.IoC", "src\ProductBuilder.CrossCutting.IoC\ProductBuilder.CrossCutting.IoC.csproj", "{2465274A-B870-44CF-92E5-07F86C56FA33}"
EndProject
Global
	GlobalSection(SolutionConfigurationPlatforms) = preSolution
		Debug|Any CPU = Debug|Any CPU
		Release|Any CPU = Release|Any CPU
	EndGlobalSection
	GlobalSection(ProjectConfigurationPlatforms) = postSolution
		{80469FED-529D-4E20-ABAE-BCB2FF509AAF}.Debug|Any CPU.ActiveCfg = Debug|Any CPU
		{80469FED-529D-4E20-ABAE-BCB2FF509AAF}.Debug|Any CPU.Build.0 = Debug|Any CPU
		{80469FED-529D-4E20-ABAE-BCB2FF509AAF}.Release|Any CPU.ActiveCfg = Release|Any CPU
		{80469FED-529D-4E20-ABAE-BCB2FF509AAF}.Release|Any CPU.Build.0 = Release|Any CPU
		{E70F3792-B4BF-4F8A-9558-378ADFA7FF5D}.Debug|Any CPU.ActiveCfg = Debug|Any CPU
		{E70F3792-B4BF-4F8A-9558-378ADFA7FF5D}.Debug|Any CPU.Build.0 = Debug|Any CPU
		{E70F3792-B4BF-4F8A-9558-378ADFA7FF5D}.Release|Any CPU.ActiveCfg = Release|Any CPU
		{E70F3792-B4BF-4F8A-9558-378ADFA7FF5D}.Release|Any CPU.Build.0 = Release|Any CPU
		{61509FAF-2777-4459-AD99-87C3AE7D4CC7}.Debug|Any CPU.ActiveCfg = Debug|Any CPU
		{61509FAF-2777-4459-AD99-87C3AE7D4CC7}.Debug|Any CPU.Build.0 = Debug|Any CPU
		{61509FAF-2777-4459-AD99-87C3AE7D4CC7}.Release|Any CPU.ActiveCfg = Release|Any CPU
		{61509FAF-2777-4459-AD99-87C3AE7D4CC7}.Release|Any CPU.Build.0 = Release|Any CPU
		{C8F0F0C4-8E21-4FE6-BFBF-93DB965BA3A9}.Debug|Any CPU.ActiveCfg = Debug|Any CPU
		{C8F0F0C4-8E21-4FE6-BFBF-93DB965BA3A9}.Debug|Any CPU.Build.0 = Debug|Any CPU
		{C8F0F0C4-8E21-4FE6-BFBF-93DB965BA3A9}.Release|Any CPU.ActiveCfg = Release|Any CPU
		{C8F0F0C4-8E21-4FE6-BFBF-93DB965BA3A9}.Release|Any CPU.Build.0 = Release|Any CPU
		{2465274A-B870-44CF-92E5-07F86C56FA33}.Debug|Any CPU.ActiveCfg = Debug|Any CPU
		{2465274A-B870-44CF-92E5-07F86C56FA33}.Debug|Any CPU.Build.0 = Debug|Any CPU
		{2465274A-B870-44CF-92E5-07F86C56FA33}.Release|Any CPU.ActiveCfg = Release|Any CPU
		{2465274A-B870-44CF-92E5-07F86C56FA33}.Release|Any CPU.Build.0 = Release|Any CPU
	EndGlobalSection
	GlobalSection(SolutionProperties) = preSolution
		HideSolutionNode = FALSE
	EndGlobalSection
	GlobalSection(NestedProjects) = preSolution
		{01A03665-752F-4354-B0F5-A29D544C293B} = {4A88F90B-58E6-4E18-B303-C8BA804F57B6}
		{8FC891FD-9BA4-4D94-B03C-9E3EFDAAF8C9} = {4A88F90B-58E6-4E18-B303-C8BA804F57B6}
		{9649A275-B0D7-44A6-B8E9-4776A2349A2E} = {4A88F90B-58E6-4E18-B303-C8BA804F57B6}
		{85DA67DD-CB23-43A1-92B0-3F7F4B80C7CD} = {4A88F90B-58E6-4E18-B303-C8BA804F57B6}
		{EB014511-2710-4E50-A43D-3CC0EF7611B9} = {85DA67DD-CB23-43A1-92B0-3F7F4B80C7CD}
		{DC0DA18C-4594-4004-AA80-B33541629F1D} = {85DA67DD-CB23-43A1-92B0-3F7F4B80C7CD}
		{80469FED-529D-4E20-ABAE-BCB2FF509AAF} = {01A03665-752F-4354-B0F5-A29D544C293B}
		{E70F3792-B4BF-4F8A-9558-378ADFA7FF5D} = {8FC891FD-9BA4-4D94-B03C-9E3EFDAAF8C9}
		{61509FAF-2777-4459-AD99-87C3AE7D4CC7} = {9649A275-B0D7-44A6-B8E9-4776A2349A2E}
		{C8F0F0C4-8E21-4FE6-BFBF-93DB965BA3A9} = {EB014511-2710-4E50-A43D-3CC0EF7611B9}
		{2465274A-B870-44CF-92E5-07F86C56FA33} = {DC0DA18C-4594-4004-AA80-B33541629F1D}
	EndGlobalSection
	GlobalSection(ExtensibilityGlobals) = postSolution
		SolutionGuid = {086B93A2-9938-469C-9685-5EBEDDC06A5F}
	EndGlobalSection
EndGlobal
